
Microsoft Visual Studio Solution File, Format Version 12.00
# Visual Studio Version 16
VisualStudioVersion = 16.0.31005.135
MinimumVisualStudioVersion = 10.0.40219.1
Project("{8BC9CEB8-8B4A-11D0-8D11-00A0C91BC942}") = "Clab2task2", "Clab2task2\Clab2task2.vcxproj", "{DBFAE72D-2E39-45B1-B5CF-C6914C79A8A8}"
EndProject
Global
	GlobalSection(SolutionConfigurationPlatforms) = preSolution
		Debug|x64 = Debug|x64
		Debug|x86 = Debug|x86
		Release|x64 = Release|x64
		Release|x86 = Release|x86
	EndGlobalSection
	GlobalSection(ProjectConfigurationPlatforms) = postSolution
		{DBFAE72D-2E39-45B1-B5CF-C6914C79A8A8}.Debug|x64.ActiveCfg = Debug|x64
		{DBFAE72D-2E39-45B1-B5CF-C6914C79A8A8}.Debug|x64.Build.0 = Debug|x64
		{DBFAE72D-2E39-45B1-B5CF-C6914C79A8A8}.Debug|x86.ActiveCfg = Debug|Win32
		{DBFAE72D-2E39-45B1-B5CF-C6914C79A8A8}.Debug|x86.Build.0 = Debug|Win32
		{DBFAE72D-2E39-45B1-B5CF-C6914C79A8A8}.Release|x64.ActiveCfg = Release|x64
		{DBFAE72D-2E39-45B1-B5CF-C6914C79A8A8}.Release|x64.Build.0 = Release|x64
		{DBFAE72D-2E39-45B1-B5CF-C6914C79A8A8}.Release|x86.ActiveCfg = Release|Win32
		{DBFAE72D-2E39-45B1-B5CF-C6914C79A8A8}.Release|x86.Build.0 = Release|Win32
	EndGlobalSection
	GlobalSection(SolutionProperties) = preSolution
		HideSolutionNode = FALSE
	EndGlobalSection
	GlobalSection(ExtensibilityGlobals) = postSolution
		SolutionGuid = {68288B50-F87E-407C-B389-FE3F9EA510A8}
	EndGlobalSection
EndGlobal
